// !$*UTF8*$!
{
	archiveVersion = 1;
	classes = {
	};
	objectVersion = 48;
	objects = {

/* Begin PBXBuildFile section */
		147ED3832046C4CA006C5607 /* AppDelegate.m in Sources */ = {isa = PBXBuildFile; fileRef = 147ED3822046C4CA006C5607 /* AppDelegate.m */; };
		147ED3862046C4CA006C5607 /* ViewController.m in Sources */ = {isa = PBXBuildFile; fileRef = 147ED3852046C4CA006C5607 /* ViewController.m */; };
		147ED3892046C4CA006C5607 /* Main.storyboard in Resources */ = {isa = PBXBuildFile; fileRef = 147ED3872046C4CA006C5607 /* Main.storyboard */; };
		147ED38C2046C4CB006C5607 /* ObjectiveNew.xcdatamodeld in Sources */ = {isa = PBXBuildFile; fileRef = 147ED38A2046C4CB006C5607 /* ObjectiveNew.xcdatamodeld */; };
		147ED38E2046C4CB006C5607 /* Assets.xcassets in Resources */ = {isa = PBXBuildFile; fileRef = 147ED38D2046C4CB006C5607 /* Assets.xcassets */; };
		147ED3912046C4CB006C5607 /* LaunchScreen.storyboard in Resources */ = {isa = PBXBuildFile; fileRef = 147ED38F2046C4CB006C5607 /* LaunchScreen.storyboard */; };
		147ED3942046C4CB006C5607 /* main.m in Sources */ = {isa = PBXBuildFile; fileRef = 147ED3932046C4CB006C5607 /* main.m */; };
		147ED39E2046C4CD006C5607 /* ObjectiveNewTests.m in Sources */ = {isa = PBXBuildFile; fileRef = 147ED39D2046C4CD006C5607 /* ObjectiveNewTests.m */; };
		147ED3A92046C4CD006C5607 /* ObjectiveNewUITests.m in Sources */ = {isa = PBXBuildFile; fileRef = 147ED3A82046C4CD006C5607 /* ObjectiveNewUITests.m */; };
		147ED3B82046E2CF006C5607 /* NextViewController.m in Sources */ = {isa = PBXBuildFile; fileRef = 147ED3B72046E2CF006C5607 /* NextViewController.m */; };
/* End PBXBuildFile section */

/* Begin PBXContainerItemProxy section */
		147ED39A2046C4CB006C5607 /* PBXContainerItemProxy */ = {
			isa = PBXContainerItemProxy;
			containerPortal = 147ED3762046C4C9006C5607 /* Project object */;
			proxyType = 1;
			remoteGlobalIDString = 147ED37D2046C4CA006C5607;
			remoteInfo = ObjectiveNew;
		};
		147ED3A52046C4CD006C5607 /* PBXContainerItemProxy */ = {
			isa = PBXContainerItemProxy;
			containerPortal = 147ED3762046C4C9006C5607 /* Project object */;
			proxyType = 1;
			remoteGlobalIDString = 147ED37D2046C4CA006C5607;
			remoteInfo = ObjectiveNew;
		};
/* End PBXContainerItemProxy section */

/* Begin PBXFileReference section */
		147ED37E2046C4CA006C5607 /* ObjectiveNew.app */ = {isa = PBXFileReference; explicitFileType = wrapper.application; includeInIndex = 0; path = ObjectiveNew.app; sourceTree = BUILT_PRODUCTS_DIR; };
		147ED3812046C4CA006C5607 /* AppDelegate.h */ = {isa = PBXFileReference; lastKnownFileType = sourcecode.c.h; path = AppDelegate.h; sourceTree = "<group>"; };
		147ED3822046C4CA006C5607 /* AppDelegate.m */ = {isa = PBXFileReference; lastKnownFileType = sourcecode.c.objc; path = AppDelegate.m; sourceTree = "<group>"; };
		147ED3842046C4CA006C5607 /* ViewController.h */ = {isa = PBXFileReference; lastKnownFileType = sourcecode.c.h; path = ViewController.h; sourceTree = "<group>"; };
		147ED3852046C4CA006C5607 /* ViewController.m */ = {isa = PBXFileReference; lastKnownFileType = sourcecode.c.objc; path = ViewController.m; sourceTree = "<group>"; };
		147ED3882046C4CA006C5607 /* Base */ = {isa = PBXFileReference; lastKnownFileType = file.storyboard; name = Base; path = Base.lproj/Main.storyboard; sourceTree = "<group>"; };
		147ED38B2046C4CB006C5607 /* ObjectiveNew.xcdatamodel */ = {isa = PBXFileReference; lastKnownFileType = wrapper.xcdatamodel; path = ObjectiveNew.xcdatamodel; sourceTree = "<group>"; };
		147ED38D2046C4CB006C5607 /* Assets.xcassets */ = {isa = PBXFileReference; lastKnownFileType = folder.assetcatalog; path = Assets.xcassets; sourceTree = "<group>"; };
		147ED3902046C4CB006C5607 /* Base */ = {isa = PBXFileReference; lastKnownFileType = file.storyboard; name = Base; path = Base.lproj/LaunchScreen.storyboard; sourceTree = "<group>"; };
		147ED3922046C4CB006C5607 /* Info.plist */ = {isa = PBXFileReference; lastKnownFileType = text.plist.xml; path = Info.plist; sourceTree = "<group>"; };
		147ED3932046C4CB006C5607 /* main.m */ = {isa = PBXFileReference; lastKnownFileType = sourcecode.c.objc; path = main.m; sourceTree = "<group>"; };
		147ED3992046C4CB006C5607 /* ObjectiveNewTests.xctest */ = {isa = PBXFileReference; explicitFileType = wrapper.cfbundle; includeInIndex = 0; path = ObjectiveNewTests.xctest; sourceTree = BUILT_PRODUCTS_DIR; };
		147ED39D2046C4CD006C5607 /* ObjectiveNewTests.m */ = {isa = PBXFileReference; lastKnownFileType = sourcecode.c.objc; path = ObjectiveNewTests.m; sourceTree = "<group>"; };
		147ED39F2046C4CD006C5607 /* Info.plist */ = {isa = PBXFileReference; lastKnownFileType = text.plist.xml; path = Info.plist; sourceTree = "<group>"; };
		147ED3A42046C4CD006C5607 /* ObjectiveNewUITests.xctest */ = {isa = PBXFileReference; explicitFileType = wrapper.cfbundle; includeInIndex = 0; path = ObjectiveNewUITests.xctest; sourceTree = BUILT_PRODUCTS_DIR; };
		147ED3A82046C4CD006C5607 /* ObjectiveNewUITests.m */ = {isa = PBXFileReference; lastKnownFileType = sourcecode.c.objc; path = ObjectiveNewUITests.m; sourceTree = "<group>"; };
		147ED3AA2046C4CD006C5607 /* Info.plist */ = {isa = PBXFileReference; lastKnownFileType = text.plist.xml; path = Info.plist; sourceTree = "<group>"; };
		147ED3B62046E2CF006C5607 /* NextViewController.h */ = {isa = PBXFileReference; lastKnownFileType = sourcecode.c.h; path = NextViewController.h; sourceTree = "<group>"; };
		147ED3B72046E2CF006C5607 /* NextViewController.m */ = {isa = PBXFileReference; lastKnownFileType = sourcecode.c.objc; path = NextViewController.m; sourceTree = "<group>"; };
/* End PBXFileReference section */

/* Begin PBXFrameworksBuildPhase section */
		147ED37B2046C4CA006C5607 /* Frameworks */ = {
			isa = PBXFrameworksBuildPhase;
			buildActionMask = 2147483647;
			files = (
			);
			runOnlyForDeploymentPostprocessing = 0;
		};
		147ED3962046C4CB006C5607 /* Frameworks */ = {
			isa = PBXFrameworksBuildPhase;
			buildActionMask = 2147483647;
			files = (
			);
			runOnlyForDeploymentPostprocessing = 0;
		};
		147ED3A12046C4CD006C5607 /* Frameworks */ = {
			isa = PBXFrameworksBuildPhase;
			buildActionMask = 2147483647;
			files = (
			);
			runOnlyForDeploymentPostprocessing = 0;
		};
/* End PBXFrameworksBuildPhase section */

/* Begin PBXGroup section */
		147ED3752046C4C9006C5607 = {
			isa = PBXGroup;
			children = (
				147ED3802046C4CA006C5607 /* ObjectiveNew */,
				147ED39C2046C4CC006C5607 /* ObjectiveNewTests */,
				147ED3A72046C4CD006C5607 /* ObjectiveNewUITests */,
				147ED37F2046C4CA006C5607 /* Products */,
			);
			sourceTree = "<group>";
		};
		147ED37F2046C4CA006C5607 /* Products */ = {
			isa = PBXGroup;
			children = (
				147ED37E2046C4CA006C5607 /* ObjectiveNew.app */,
				147ED3992046C4CB006C5607 /* ObjectiveNewTests.xctest */,
				147ED3A42046C4CD006C5607 /* ObjectiveNewUITests.xctest */,
			);
			name = Products;
			sourceTree = "<group>";
		};
		147ED3802046C4CA006C5607 /* ObjectiveNew */ = {
			isa = PBXGroup;
			children = (
				147ED3812046C4CA006C5607 /* AppDelegate.h */,
				147ED3822046C4CA006C5607 /* AppDelegate.m */,
				147ED3842046C4CA006C5607 /* ViewController.h */,
				147ED3852046C4CA006C5607 /* ViewController.m */,
				147ED3B62046E2CF006C5607 /* NextViewController.h */,
				147ED3B72046E2CF006C5607 /* NextViewController.m */,
				147ED3872046C4CA006C5607 /* Main.storyboard */,
				147ED38D2046C4CB006C5607 /* Assets.xcassets */,
				147ED38F2046C4CB006C5607 /* LaunchScreen.storyboard */,
				147ED3922046C4CB006C5607 /* Info.plist */,
				147ED3932046C4CB006C5607 /* main.m */,
				147ED38A2046C4CB006C5607 /* ObjectiveNew.xcdatamodeld */,
			);
			path = ObjectiveNew;
			sourceTree = "<group>";
		};
		147ED39C2046C4CC006C5607 /* ObjectiveNewTests */ = {
			isa = PBXGroup;
			children = (
				147ED39D2046C4CD006C5607 /* ObjectiveNewTests.m */,
				147ED39F2046C4CD006C5607 /* Info.plist */,
			);
			path = ObjectiveNewTests;
			sourceTree = "<group>";
		};
		147ED3A72046C4CD006C5607 /* ObjectiveNewUITests */ = {
			isa = PBXGroup;
			children = (
				147ED3A82046C4CD006C5607 /* ObjectiveNewUITests.m */,
				147ED3AA2046C4CD006C5607 /* Info.plist */,
			);
			path = ObjectiveNewUITests;
			sourceTree = "<group>";
		};
/* End PBXGroup section */

/* Begin PBXNativeTarget section */
		147ED37D2046C4CA006C5607 /* ObjectiveNew */ = {
			isa = PBXNativeTarget;
			buildConfigurationList = 147ED3AD2046C4CD006C5607 /* Build configuration list for PBXNativeTarget "ObjectiveNew" */;
			buildPhases = (
				147ED37A2046C4CA006C5607 /* Sources */,
				147ED37B2046C4CA006C5607 /* Frameworks */,
				147ED37C2046C4CA006C5607 /* Resources */,
			);
			buildRules = (
			);
			dependencies = (
			);
			name = ObjectiveNew;
			productName = ObjectiveNew;
			productReference = 147ED37E2046C4CA006C5607 /* ObjectiveNew.app */;
			productType = "com.apple.product-type.application";
		};
		147ED3982046C4CB006C5607 /* ObjectiveNewTests */ = {
			isa = PBXNativeTarget;
			buildConfigurationList = 147ED3B02046C4CD006C5607 /* Build configuration list for PBXNativeTarget "ObjectiveNewTests" */;
			buildPhases = (
				147ED3952046C4CB006C5607 /* Sources */,
				147ED3962046C4CB006C5607 /* Frameworks */,
				147ED3972046C4CB006C5607 /* Resources */,
			);
			buildRules = (
			);
			dependencies = (
				147ED39B2046C4CB006C5607 /* PBXTargetDependency */,
			);
			name = ObjectiveNewTests;
			productName = ObjectiveNewTests;
			productReference = 147ED3992046C4CB006C5607 /* ObjectiveNewTests.xctest */;
			productType = "com.apple.product-type.bundle.unit-test";
		};
		147ED3A32046C4CD006C5607 /* ObjectiveNewUITests */ = {
			isa = PBXNativeTarget;
			buildConfigurationList = 147ED3B32046C4CD006C5607 /* Build configuration list for PBXNativeTarget "ObjectiveNewUITests" */;
			buildPhases = (
				147ED3A02046C4CD006C5607 /* Sources */,
				147ED3A12046C4CD006C5607 /* Frameworks */,
				147ED3A22046C4CD006C5607 /* Resources */,
			);
			buildRules = (
			);
			dependencies = (
				147ED3A62046C4CD006C5607 /* PBXTargetDependency */,
			);
			name = ObjectiveNewUITests;
			productName = ObjectiveNewUITests;
			productReference = 147ED3A42046C4CD006C5607 /* ObjectiveNewUITests.xctest */;
			productType = "com.apple.product-type.bundle.ui-testing";
		};
/* End PBXNativeTarget section */

/* Begin PBXProject section */
		147ED3762046C4C9006C5607 /* Project object */ = {
			isa = PBXProject;
			attributes = {
				LastUpgradeCheck = 0920;
				ORGANIZATIONNAME = Venkatesh;
				TargetAttributes = {
					147ED37D2046C4CA006C5607 = {
						CreatedOnToolsVersion = 9.2;
						ProvisioningStyle = Automatic;
					};
					147ED3982046C4CB006C5607 = {
						CreatedOnToolsVersion = 9.2;
						ProvisioningStyle = Automatic;
						TestTargetID = 147ED37D2046C4CA006C5607;
					};
					147ED3A32046C4CD006C5607 = {
						CreatedOnToolsVersion = 9.2;
						ProvisioningStyle = Automatic;
						TestTargetID = 147ED37D2046C4CA006C5607;
					};
				};
			};
			buildConfigurationList = 147ED3792046C4C9006C5607 /* Build configuration list for PBXProject "ObjectiveNew" */;
			compatibilityVersion = "Xcode 8.0";
			developmentRegion = en;
			hasScannedForEncodings = 0;
			knownRegions = (
				en,
				Base,
			);
			mainGroup = 147ED3752046C4C9006C5607;
			productRefGroup = 147ED37F2046C4CA006C5607 /* Products */;
			projectDirPath = "";
			projectRoot = "";
			targets = (
				147ED37D2046C4CA006C5607 /* ObjectiveNew */,
				147ED3982046C4CB006C5607 /* ObjectiveNewTests */,
				147ED3A32046C4CD006C5607 /* ObjectiveNewUITests */,
			);
		};
/* End PBXProject section */

/* Begin PBXResourcesBuildPhase section */
		147ED37C2046C4CA006C5607 /* Resources */ = {
			isa = PBXResourcesBuildPhase;
			buildActionMask = 2147483647;
			files = (
				147ED3912046C4CB006C5607 /* LaunchScreen.storyboard in Resources */,
				147ED38E2046C4CB006C5607 /* Assets.xcassets in Resources */,
				147ED3892046C4CA006C5607 /* Main.storyboard in Resources */,
			);
			runOnlyForDeploymentPostprocessing = 0;
		};
		147ED3972046C4CB006C5607 /* Resources */ = {
			isa = PBXResourcesBuildPhase;
			buildActionMask = 2147483647;
			files = (
			);
			runOnlyForDeploymentPostprocessing = 0;
		};
		147ED3A22046C4CD006C5607 /* Resources */ = {
			isa = PBXResourcesBuildPhase;
			buildActionMask = 2147483647;
			files = (
			);
			runOnlyForDeploymentPostprocessing = 0;
		};
/* End PBXResourcesBuildPhase section */

/* Begin PBXSourcesBuildPhase section */
		147ED37A2046C4CA006C5607 /* Sources */ = {
			isa = PBXSourcesBuildPhase;
			buildActionMask = 2147483647;
			files = (
				147ED3B82046E2CF006C5607 /* NextViewController.m in Sources */,
				147ED3862046C4CA006C5607 /* ViewController.m in Sources */,
				147ED3832046C4CA006C5607 /* AppDelegate.m in Sources */,
				147ED3942046C4CB006C5607 /* main.m in Sources */,
				147ED38C2046C4CB006C5607 /* ObjectiveNew.xcdatamodeld in Sources */,
			);
			runOnlyForDeploymentPostprocessing = 0;
		};
		147ED3952046C4CB006C5607 /* Sources */ = {
			isa = PBXSourcesBuildPhase;
			buildActionMask = 2147483647;
			files = (
				147ED39E2046C4CD006C5607 /* ObjectiveNewTests.m in Sources */,
			);
			runOnlyForDeploymentPostprocessing = 0;
		};
		147ED3A02046C4CD006C5607 /* Sources */ = {
			isa = PBXSourcesBuildPhase;
			buildActionMask = 2147483647;
			files = (
				147ED3A92046C4CD006C5607 /* ObjectiveNewUITests.m in Sources */,
			);
			runOnlyForDeploymentPostprocessing = 0;
		};
/* End PBXSourcesBuildPhase section */

/* Begin PBXTargetDependency section */
		147ED39B2046C4CB006C5607 /* PBXTargetDependency */ = {
			isa = PBXTargetDependency;
			target = 147ED37D2046C4CA006C5607 /* ObjectiveNew */;
			targetProxy = 147ED39A2046C4CB006C5607 /* PBXContainerItemProxy */;
		};
		147ED3A62046C4CD006C5607 /* PBXTargetDependency */ = {
			isa = PBXTargetDependency;
			target = 147ED37D2046C4CA006C5607 /* ObjectiveNew */;
			targetProxy = 147ED3A52046C4CD006C5607 /* PBXContainerItemProxy */;
		};
/* End PBXTargetDependency section */

/* Begin PBXVariantGroup section */
		147ED3872046C4CA006C5607 /* Main.storyboard */ = {
			isa = PBXVariantGroup;
			children = (
				147ED3882046C4CA006C5607 /* Base */,
			);
			name = Main.storyboard;
			sourceTree = "<group>";
		};
		147ED38F2046C4CB006C5607 /* LaunchScreen.storyboard */ = {
			isa = PBXVariantGroup;
			children = (
				147ED3902046C4CB006C5607 /* Base */,
			);
			name = LaunchScreen.storyboard;
			sourceTree = "<group>";
		};
/* End PBXVariantGroup section */

/* Begin XCBuildConfiguration section */
		147ED3AB2046C4CD006C5607 /* Debug */ = {
			isa = XCBuildConfiguration;
			buildSettings = {
				ALWAYS_SEARCH_USER_PATHS = NO;
				CLANG_ANALYZER_NONNULL = YES;
				CLANG_ANALYZER_NUMBER_OBJECT_CONVERSION = YES_AGGRESSIVE;
				CLANG_CXX_LANGUAGE_STANDARD = "gnu++14";
				CLANG_CXX_LIBRARY = "libc++";
				CLANG_ENABLE_MODULES = YES;
				CLANG_ENABLE_OBJC_ARC = YES;
				CLANG_WARN_BLOCK_CAPTURE_AUTORELEASING = YES;
				CLANG_WARN_BOOL_CONVERSION = YES;
				CLANG_WARN_COMMA = YES;
				CLANG_WARN_CONSTANT_CONVERSION = YES;
				CLANG_WARN_DIRECT_OBJC_ISA_USAGE = YES_ERROR;
				CLANG_WARN_DOCUMENTATION_COMMENTS = YES;
				CLANG_WARN_EMPTY_BODY = YES;
				CLANG_WARN_ENUM_CONVERSION = YES;
				CLANG_WARN_INFINITE_RECURSION = YES;
				CLANG_WARN_INT_CONVERSION = YES;
				CLANG_WARN_NON_LITERAL_NULL_CONVERSION = YES;
				CLANG_WARN_OBJC_LITERAL_CONVERSION = YES;
				CLANG_WARN_OBJC_ROOT_CLASS = YES_ERROR;
				CLANG_WARN_RANGE_LOOP_ANALYSIS = YES;
				CLANG_WARN_STRICT_PROTOTYPES = YES;
				CLANG_WARN_SUSPICIOUS_MOVE = YES;
				CLANG_WARN_UNGUARDED_AVAILABILITY = YES_AGGRESSIVE;
				CLANG_WARN_UNREACHABLE_CODE = YES;
				CLANG_WARN__DUPLICATE_METHOD_MATCH = YES;
				CODE_SIGN_IDENTITY = "iPhone Developer";
				COPY_PHASE_STRIP = NO;
				DEBUG_INFORMATION_FORMAT = dwarf;
				ENABLE_STRICT_OBJC_MSGSEND = YES;
				ENABLE_TESTABILITY = YES;
				GCC_C_LANGUAGE_STANDARD = gnu11;
				GCC_DYNAMIC_NO_PIC = NO;
				GCC_NO_COMMON_BLOCKS = YES;
				GCC_OPTIMIZATION_LEVEL = 0;
				GCC_PREPROCESSOR_DEFINITIONS = (
					"DEBUG=1",
					"$(inherited)",
				);
				GCC_WARN_64_TO_32_BIT_CONVERSION = YES;
				GCC_WARN_ABOUT_RETURN_TYPE = YES_ERROR;
				GCC_WARN_UNDECLARED_SELECTOR = YES;
				GCC_WARN_UNINITIALIZED_AUTOS = YES_AGGRESSIVE;
				GCC_WARN_UNUSED_FUNCTION = YES;
				GCC_WARN_UNUSED_VARIABLE = YES;
				IPHONEOS_DEPLOYMENT_TARGET = 11.2;
				MTL_ENABLE_DEBUG_INFO = YES;
				ONLY_ACTIVE_ARCH = YES;
				SDKROOT = iphoneos;
			};
			name = Debug;
		};
		147ED3AC2046C4CD006C5607 /* Release */ = {
			isa = XCBuildConfiguration;
			buildSettings = {
				ALWAYS_SEARCH_USER_PATHS = NO;
				CLANG_ANALYZER_NONNULL = YES;
				CLANG_ANALYZER_NUMBER_OBJECT_CONVERSION = YES_AGGRESSIVE;
				CLANG_CXX_LANGUAGE_STANDARD = "gnu++14";
				CLANG_CXX_LIBRARY = "libc++";
				CLANG_ENABLE_MODULES = YES;
				CLANG_ENABLE_OBJC_ARC = YES;
				CLANG_WARN_BLOCK_CAPTURE_AUTORELEASING = YES;
				CLANG_WARN_BOOL_CONVERSION = YES;
				CLANG_WARN_COMMA = YES;
				CLANG_WARN_CONSTANT_CONVERSION = YES;
				CLANG_WARN_DIRECT_OBJC_ISA_USAGE = YES_ERROR;
				CLANG_WARN_DOCUMENTATION_COMMENTS = YES;
				CLANG_WARN_EMPTY_BODY = YES;
				CLANG_WARN_ENUM_CONVERSION = YES;
				CLANG_WARN_INFINITE_RECURSION = YES;
				CLANG_WARN_INT_CONVERSION = YES;
				CLANG_WARN_NON_LITERAL_NULL_CONVERSION = YES;
				CLANG_WARN_OBJC_LITERAL_CONVERSION = YES;
				CLANG_WARN_OBJC_ROOT_CLASS = YES_ERROR;
				CLANG_WARN_RANGE_LOOP_ANALYSIS = YES;
				CLANG_WARN_STRICT_PROTOTYPES = YES;
				CLANG_WARN_SUSPICIOUS_MOVE = YES;
				CLANG_WARN_UNGUARDED_AVAILABILITY = YES_AGGRESSIVE;
				CLANG_WARN_UNREACHABLE_CODE = YES;
				CLANG_WARN__DUPLICATE_METHOD_MATCH = YES;
				CODE_SIGN_IDENTITY = "iPhone Developer";
				COPY_PHASE_STRIP = NO;
				DEBUG_INFORMATION_FORMAT = "dwarf-with-dsym";
				ENABLE_NS_ASSERTIONS = NO;
				ENABLE_STRICT_OBJC_MSGSEND = YES;
				GCC_C_LANGUAGE_STANDARD = gnu11;
				GCC_NO_COMMON_BLOCKS = YES;
				GCC_WARN_64_TO_32_BIT_CONVERSION = YES;
				GCC_WARN_ABOUT_RETURN_TYPE = YES_ERROR;
				GCC_WARN_UNDECLARED_SELECTOR = YES;
				GCC_WARN_UNINITIALIZED_AUTOS = YES_AGGRESSIVE;
				GCC_WARN_UNUSED_FUNCTION = YES;
				GCC_WARN_UNUSED_VARIABLE = YES;
				IPHONEOS_DEPLOYMENT_TARGET = 11.2;
				MTL_ENABLE_DEBUG_INFO = NO;
				SDKROOT = iphoneos;
				VALIDATE_PRODUCT = YES;
			};
			name = Release;
		};
		147ED3AE2046C4CD006C5607 /* Debug */ = {
			isa = XCBuildConfiguration;
			buildSettings = {
				ASSETCATALOG_COMPILER_APPICON_NAME = AppIcon;
				CODE_SIGN_STYLE = Automatic;
				INFOPLIST_FILE = ObjectiveNew/Info.plist;
				LD_RUNPATH_SEARCH_PATHS = "$(inherited) @executable_path/Frameworks";
				PRODUCT_BUNDLE_IDENTIFIER = com.ObjectiveNew.ObjectiveNew;
				PRODUCT_NAME = "$(TARGET_NAME)";
				TARGETED_DEVICE_FAMILY = "1,2";
			};
			name = Debug;
		};
		147ED3AF2046C4CD006C5607 /* Release */ = {
			isa = XCBuildConfiguration;
			buildSettings = {
				ASSETCATALOG_COMPILER_APPICON_NAME = AppIcon;
				CODE_SIGN_STYLE = Automatic;
				INFOPLIST_FILE = ObjectiveNew/Info.plist;
				LD_RUNPATH_SEARCH_PATHS = "$(inherited) @executable_path/Frameworks";
				PRODUCT_BUNDLE_IDENTIFIER = com.ObjectiveNew.ObjectiveNew;
				PRODUCT_NAME = "$(TARGET_NAME)";
				TARGETED_DEVICE_FAMILY = "1,2";
			};
			name = Release;
		};
		147ED3B12046C4CD006C5607 /* Debug */ = {
			isa = XCBuildConfiguration;
			buildSettings = {
				BUNDLE_LOADER = "$(TEST_HOST)";
				CODE_SIGN_STYLE = Automatic;
				INFOPLIST_FILE = ObjectiveNewTests/Info.plist;
				LD_RUNPATH_SEARCH_PATHS = "$(inherited) @executable_path/Frameworks @loader_path/Frameworks";
				PRODUCT_BUNDLE_IDENTIFIER = com.ObjectiveNew.ObjectiveNewTests;
				PRODUCT_NAME = "$(TARGET_NAME)";
				TARGETED_DEVICE_FAMILY = "1,2";
				TEST_HOST = "$(BUILT_PRODUCTS_DIR)/ObjectiveNew.app/ObjectiveNew";
			};
			name = Debug;
		};
		147ED3B22046C4CD006C5607 /* Release */ = {
			isa = XCBuildConfiguration;
			buildSettings = {
				BUNDLE_LOADER = "$(TEST_HOST)";
				CODE_SIGN_STYLE = Automatic;
				INFOPLIST_FILE = ObjectiveNewTests/Info.plist;
				LD_RUNPATH_SEARCH_PATHS = "$(inherited) @executable_path/Frameworks @loader_path/Frameworks";
				PRODUCT_BUNDLE_IDENTIFIER = com.ObjectiveNew.ObjectiveNewTests;
				PRODUCT_NAME = "$(TARGET_NAME)";
				TARGETED_DEVICE_FAMILY = "1,2";
				TEST_HOST = "$(BUILT_PRODUCTS_DIR)/ObjectiveNew.app/ObjectiveNew";
			};
			name = Release;
		};
		147ED3B42046C4CD006C5607 /* Debug */ = {
			isa = XCBuildConfiguration;
			buildSettings = {
				CODE_SIGN_STYLE = Automatic;
				INFOPLIST_FILE = ObjectiveNewUITests/Info.plist;
				LD_RUNPATH_SEARCH_PATHS = "$(inherited) @executable_path/Frameworks @loader_path/Frameworks";
				PRODUCT_BUNDLE_IDENTIFIER = com.ObjectiveNew.ObjectiveNewUITests;
				PRODUCT_NAME = "$(TARGET_NAME)";
				TARGETED_DEVICE_FAMILY = "1,2";
				TEST_TARGET_NAME = ObjectiveNew;
			};
			name = Debug;
		};
		147ED3B52046C4CD006C5607 /* Release */ = {
			isa = XCBuildConfiguration;
			buildSettings = {
				CODE_SIGN_STYLE = Automatic;
				INFOPLIST_FILE = ObjectiveNewUITests/Info.plist;
				LD_RUNPATH_SEARCH_PATHS = "$(inherited) @executable_path/Frameworks @loader_path/Frameworks";
				PRODUCT_BUNDLE_IDENTIFIER = com.ObjectiveNew.ObjectiveNewUITests;
				PRODUCT_NAME = "$(TARGET_NAME)";
				TARGETED_DEVICE_FAMILY = "1,2";
				TEST_TARGET_NAME = ObjectiveNew;
			};
			name = Release;
		};
/* End XCBuildConfiguration section */

/* Begin XCConfigurationList section */
		147ED3792046C4C9006C5607 /* Build configuration list for PBXProject "ObjectiveNew" */ = {
			isa = XCConfigurationList;
			buildConfigurations = (
				147ED3AB2046C4CD006C5607 /* Debug */,
				147ED3AC2046C4CD006C5607 /* Release */,
			);
			defaultConfigurationIsVisible = 0;
			defaultConfigurationName = Release;
		};
		147ED3AD2046C4CD006C5607 /* Build configuration list for PBXNativeTarget "ObjectiveNew" */ = {
			isa = XCConfigurationList;
			buildConfigurations = (
				147ED3AE2046C4CD006C5607 /* Debug */,
				147ED3AF2046C4CD006C5607 /* Release */,
			);
			defaultConfigurationIsVisible = 0;
			defaultConfigurationName = Release;
		};
		147ED3B02046C4CD006C5607 /* Build configuration list for PBXNativeTarget "ObjectiveNewTests" */ = {
			isa = XCConfigurationList;
			buildConfigurations = (
				147ED3B12046C4CD006C5607 /* Debug */,
				147ED3B22046C4CD006C5607 /* Release */,
			);
			defaultConfigurationIsVisible = 0;
			defaultConfigurationName = Release;
		};
		147ED3B32046C4CD006C5607 /* Build configuration list for PBXNativeTarget "ObjectiveNewUITests" */ = {
			isa = XCConfigurationList;
			buildConfigurations = (
				147ED3B42046C4CD006C5607 /* Debug */,
				147ED3B52046C4CD006C5607 /* Release */,
			);
			defaultConfigurationIsVisible = 0;
			defaultConfigurationName = Release;
		};
/* End XCConfigurationList section */

/* Begin XCVersionGroup section */
		147ED38A2046C4CB006C5607 /* ObjectiveNew.xcdatamodeld */ = {
			isa = XCVersionGroup;
			children = (
				147ED38B2046C4CB006C5607 /* ObjectiveNew.xcdatamodel */,
			);
			currentVersion = 147ED38B2046C4CB006C5607 /* ObjectiveNew.xcdatamodel */;
			path = ObjectiveNew.xcdatamodeld;
			sourceTree = "<group>";
			versionGroupType = wrapper.xcdatamodel;
		};
/* End XCVersionGroup section */
	};
	rootObject = 147ED3762046C4C9006C5607 /* Project object */;
}
